// !$*UTF8*$!
{
	archiveVersion = 1;
	classes = {
	};
	objectVersion = 46;
	objects = {

/* Begin PBXBuildFile section */
		D109CF001AB0CF5A000B19B8 /* file.swift in Sources */ = {isa = PBXBuildFile; fileRef = D109CEFF1AB0CF5A000B19B8 /* file.swift */; };
		D15D2ADC1AB20A600003EBCF /* MainSB.storyboard in Resources */ = {isa = PBXBuildFile; fileRef = D1EC21341AB0CAF0003AA61B /* MainSB.storyboard */; };
		D17886BB1AB0CB540025279F /* Board.swift in Sources */ = {isa = PBXBuildFile; fileRef = D17886B81AB0CB540025279F /* Board.swift */; };
		D17886BC1AB0CB540025279F /* json.swift in Sources */ = {isa = PBXBuildFile; fileRef = D17886B91AB0CB540025279F /* json.swift */; };
		D17886BD1AB0CB540025279F /* Support.swift in Sources */ = {isa = PBXBuildFile; fileRef = D17886BA1AB0CB540025279F /* Support.swift */; };
		D1866F5F1AB4D432007D4B72 /* Localizable.strings in Resources */ = {isa = PBXBuildFile; fileRef = D1866F611AB4D432007D4B72 /* Localizable.strings */; };
		D1866F701AB4E0B7007D4B72 /* Localizable.strings in Resources */ = {isa = PBXBuildFile; fileRef = D1866F721AB4E0B7007D4B72 /* Localizable.strings */; };
		D19C40851AB8953C0064D0E3 /* Generator.swift in Sources */ = {isa = PBXBuildFile; fileRef = D19C40841AB8953C0064D0E3 /* Generator.swift */; };
		D1EC212F1AB0CAEF003AA61B /* AppDelegate.swift in Sources */ = {isa = PBXBuildFile; fileRef = D1EC212E1AB0CAEF003AA61B /* AppDelegate.swift */; };
		D1EC21311AB0CAEF003AA61B /* ViewController.swift in Sources */ = {isa = PBXBuildFile; fileRef = D1EC21301AB0CAEF003AA61B /* ViewController.swift */; };
		D1EC21331AB0CAF0003AA61B /* Images.xcassets in Resources */ = {isa = PBXBuildFile; fileRef = D1EC21321AB0CAF0003AA61B /* Images.xcassets */; };
		D1EC21421AB0CAF0003AA61B /* TTS_Minesweeper_GeneratorTests.swift in Sources */ = {isa = PBXBuildFile; fileRef = D1EC21411AB0CAF0003AA61B /* TTS_Minesweeper_GeneratorTests.swift */; };
/* End PBXBuildFile section */

/* Begin PBXContainerItemProxy section */
		D1EC213C1AB0CAF0003AA61B /* PBXContainerItemProxy */ = {
			isa = PBXContainerItemProxy;
			containerPortal = D1EC21211AB0CAEF003AA61B /* Project object */;
			proxyType = 1;
			remoteGlobalIDString = D1EC21281AB0CAEF003AA61B;
			remoteInfo = "TTS Minesweeper Generator";
		};
/* End PBXContainerItemProxy section */

/* Begin PBXFileReference section */
		D109CEFF1AB0CF5A000B19B8 /* file.swift */ = {isa = PBXFileReference; fileEncoding = 4; lastKnownFileType = sourcecode.swift; path = file.swift; sourceTree = "<group>"; };
		D17886B81AB0CB540025279F /* Board.swift */ = {isa = PBXFileReference; fileEncoding = 4; lastKnownFileType = sourcecode.swift; path = Board.swift; sourceTree = "<group>"; };
		D17886B91AB0CB540025279F /* json.swift */ = {isa = PBXFileReference; fileEncoding = 4; lastKnownFileType = sourcecode.swift; path = json.swift; sourceTree = "<group>"; };
		D17886BA1AB0CB540025279F /* Support.swift */ = {isa = PBXFileReference; fileEncoding = 4; lastKnownFileType = sourcecode.swift; path = Support.swift; sourceTree = "<group>"; };
		D1866F5C1AB4D36E007D4B72 /* pt */ = {isa = PBXFileReference; lastKnownFileType = text.plist.strings; name = pt; path = pt.lproj/MainSB.strings; sourceTree = "<group>"; };
		D1866F601AB4D432007D4B72 /* pt */ = {isa = PBXFileReference; fileEncoding = 10; lastKnownFileType = text.plist.strings; name = pt; path = pt.lproj/Localizable.strings; sourceTree = "<group>"; };
		D1866F711AB4E0B7007D4B72 /* en */ = {isa = PBXFileReference; fileEncoding = 4; lastKnownFileType = text.plist.strings; name = en; path = en.lproj/Localizable.strings; sourceTree = "<group>"; };
		D19C40841AB8953C0064D0E3 /* Generator.swift */ = {isa = PBXFileReference; fileEncoding = 4; lastKnownFileType = sourcecode.swift; path = Generator.swift; sourceTree = "<group>"; };
		D1EC21291AB0CAEF003AA61B /* TTS Minesweeper Generator.app */ = {isa = PBXFileReference; explicitFileType = wrapper.application; includeInIndex = 0; path = "TTS Minesweeper Generator.app"; sourceTree = BUILT_PRODUCTS_DIR; };
		D1EC212D1AB0CAEF003AA61B /* Info.plist */ = {isa = PBXFileReference; lastKnownFileType = text.plist.xml; path = Info.plist; sourceTree = "<group>"; };
		D1EC212E1AB0CAEF003AA61B /* AppDelegate.swift */ = {isa = PBXFileReference; lastKnownFileType = sourcecode.swift; path = AppDelegate.swift; sourceTree = "<group>"; };
		D1EC21301AB0CAEF003AA61B /* ViewController.swift */ = {isa = PBXFileReference; lastKnownFileType = sourcecode.swift; path = ViewController.swift; sourceTree = "<group>"; };
		D1EC21321AB0CAF0003AA61B /* Images.xcassets */ = {isa = PBXFileReference; lastKnownFileType = folder.assetcatalog; path = Images.xcassets; sourceTree = "<group>"; };
		D1EC21351AB0CAF0003AA61B /* Base */ = {isa = PBXFileReference; lastKnownFileType = file.storyboard; name = Base; path = Base.lproj/MainSB.storyboard; sourceTree = "<group>"; };
		D1EC213B1AB0CAF0003AA61B /* TTS Minesweeper GeneratorTests.xctest */ = {isa = PBXFileReference; explicitFileType = wrapper.cfbundle; includeInIndex = 0; path = "TTS Minesweeper GeneratorTests.xctest"; sourceTree = BUILT_PRODUCTS_DIR; };
		D1EC21401AB0CAF0003AA61B /* Info.plist */ = {isa = PBXFileReference; lastKnownFileType = text.plist.xml; path = Info.plist; sourceTree = "<group>"; };
		D1EC21411AB0CAF0003AA61B /* TTS_Minesweeper_GeneratorTests.swift */ = {isa = PBXFileReference; lastKnownFileType = sourcecode.swift; path = TTS_Minesweeper_GeneratorTests.swift; sourceTree = "<group>"; };
/* End PBXFileReference section */

/* Begin PBXFrameworksBuildPhase section */
		D1EC21261AB0CAEF003AA61B /* Frameworks */ = {
			isa = PBXFrameworksBuildPhase;
			buildActionMask = 2147483647;
			files = (
			);
			runOnlyForDeploymentPostprocessing = 0;
		};
		D1EC21381AB0CAF0003AA61B /* Frameworks */ = {
			isa = PBXFrameworksBuildPhase;
			buildActionMask = 2147483647;
			files = (
			);
			runOnlyForDeploymentPostprocessing = 0;
		};
/* End PBXFrameworksBuildPhase section */

/* Begin PBXGroup section */
		D1EC21201AB0CAEF003AA61B = {
			isa = PBXGroup;
			children = (
				D1EC212B1AB0CAEF003AA61B /* TTS Minesweeper Generator */,
				D1EC213E1AB0CAF0003AA61B /* TTS Minesweeper GeneratorTests */,
				D1EC212A1AB0CAEF003AA61B /* Products */,
			);
			sourceTree = "<group>";
		};
		D1EC212A1AB0CAEF003AA61B /* Products */ = {
			isa = PBXGroup;
			children = (
				D1EC21291AB0CAEF003AA61B /* TTS Minesweeper Generator.app */,
				D1EC213B1AB0CAF0003AA61B /* TTS Minesweeper GeneratorTests.xctest */,
			);
			name = Products;
			sourceTree = "<group>";
		};
		D1EC212B1AB0CAEF003AA61B /* TTS Minesweeper Generator */ = {
			isa = PBXGroup;
			children = (
				D1866F721AB4E0B7007D4B72 /* Localizable.strings */,
				D17886B81AB0CB540025279F /* Board.swift */,
				D17886B91AB0CB540025279F /* json.swift */,
				D109CEFF1AB0CF5A000B19B8 /* file.swift */,
				D19C40841AB8953C0064D0E3 /* Generator.swift */,
				D17886BA1AB0CB540025279F /* Support.swift */,
				D1EC212E1AB0CAEF003AA61B /* AppDelegate.swift */,
				D1EC21301AB0CAEF003AA61B /* ViewController.swift */,
				D1866F611AB4D432007D4B72 /* Localizable.strings */,
				D1EC21321AB0CAF0003AA61B /* Images.xcassets */,
				D1EC21341AB0CAF0003AA61B /* MainSB.storyboard */,
				D1EC212C1AB0CAEF003AA61B /* Supporting Files */,
			);
			path = "TTS Minesweeper Generator";
			sourceTree = "<group>";
		};
		D1EC212C1AB0CAEF003AA61B /* Supporting Files */ = {
			isa = PBXGroup;
			children = (
				D1EC212D1AB0CAEF003AA61B /* Info.plist */,
			);
			name = "Supporting Files";
			sourceTree = "<group>";
		};
		D1EC213E1AB0CAF0003AA61B /* TTS Minesweeper GeneratorTests */ = {
			isa = PBXGroup;
			children = (
				D1EC21411AB0CAF0003AA61B /* TTS_Minesweeper_GeneratorTests.swift */,
				D1EC213F1AB0CAF0003AA61B /* Supporting Files */,
			);
			path = "TTS Minesweeper GeneratorTests";
			sourceTree = "<group>";
		};
		D1EC213F1AB0CAF0003AA61B /* Supporting Files */ = {
			isa = PBXGroup;
			children = (
				D1EC21401AB0CAF0003AA61B /* Info.plist */,
			);
			name = "Supporting Files";
			sourceTree = "<group>";
		};
/* End PBXGroup section */

/* Begin PBXNativeTarget section */
		D1EC21281AB0CAEF003AA61B /* TTS Minesweeper Generator */ = {
			isa = PBXNativeTarget;
			buildConfigurationList = D1EC21451AB0CAF0003AA61B /* Build configuration list for PBXNativeTarget "TTS Minesweeper Generator" */;
			buildPhases = (
				D1EC21251AB0CAEF003AA61B /* Sources */,
				D1EC21261AB0CAEF003AA61B /* Frameworks */,
				D1EC21271AB0CAEF003AA61B /* Resources */,
			);
			buildRules = (
			);
			dependencies = (
			);
			name = "TTS Minesweeper Generator";
			productName = "TTS Minesweeper Generator";
			productReference = D1EC21291AB0CAEF003AA61B /* TTS Minesweeper Generator.app */;
			productType = "com.apple.product-type.application";
		};
		D1EC213A1AB0CAF0003AA61B /* TTS Minesweeper GeneratorTests */ = {
			isa = PBXNativeTarget;
			buildConfigurationList = D1EC21481AB0CAF0003AA61B /* Build configuration list for PBXNativeTarget "TTS Minesweeper GeneratorTests" */;
			buildPhases = (
				D1EC21371AB0CAF0003AA61B /* Sources */,
				D1EC21381AB0CAF0003AA61B /* Frameworks */,
				D1EC21391AB0CAF0003AA61B /* Resources */,
			);
			buildRules = (
			);
			dependencies = (
				D1EC213D1AB0CAF0003AA61B /* PBXTargetDependency */,
			);
			name = "TTS Minesweeper GeneratorTests";
			productName = "TTS Minesweeper GeneratorTests";
			productReference = D1EC213B1AB0CAF0003AA61B /* TTS Minesweeper GeneratorTests.xctest */;
			productType = "com.apple.product-type.bundle.unit-test";
		};
/* End PBXNativeTarget section */

/* Begin PBXProject section */
		D1EC21211AB0CAEF003AA61B /* Project object */ = {
			isa = PBXProject;
			attributes = {
				LastUpgradeCheck = 0610;
				ORGANIZATIONNAME = "Berna & Epic Eric";
				TargetAttributes = {
					D1EC21281AB0CAEF003AA61B = {
						CreatedOnToolsVersion = 6.1.1;
					};
					D1EC213A1AB0CAF0003AA61B = {
						CreatedOnToolsVersion = 6.1.1;
						TestTargetID = D1EC21281AB0CAEF003AA61B;
					};
				};
			};
			buildConfigurationList = D1EC21241AB0CAEF003AA61B /* Build configuration list for PBXProject "TTS Minesweeper Generator" */;
			compatibilityVersion = "Xcode 3.2";
			developmentRegion = English;
			hasScannedForEncodings = 0;
			knownRegions = (
				en,
				Base,
			);
			mainGroup = D1EC21201AB0CAEF003AA61B;
			productRefGroup = D1EC212A1AB0CAEF003AA61B /* Products */;
			projectDirPath = "";
			projectRoot = "";
			targets = (
				D1EC21281AB0CAEF003AA61B /* TTS Minesweeper Generator */,
				D1EC213A1AB0CAF0003AA61B /* TTS Minesweeper GeneratorTests */,
			);
		};
/* End PBXProject section */

/* Begin PBXResourcesBuildPhase section */
		D1EC21271AB0CAEF003AA61B /* Resources */ = {
			isa = PBXResourcesBuildPhase;
			buildActionMask = 2147483647;
			files = (
				D1866F701AB4E0B7007D4B72 /* Localizable.strings in Resources */,
				D1866F5F1AB4D432007D4B72 /* Localizable.strings in Resources */,
				D1EC21331AB0CAF0003AA61B /* Images.xcassets in Resources */,
				D15D2ADC1AB20A600003EBCF /* MainSB.storyboard in Resources */,
			);
			runOnlyForDeploymentPostprocessing = 0;
		};
		D1EC21391AB0CAF0003AA61B /* Resources */ = {
			isa = PBXResourcesBuildPhase;
			buildActionMask = 2147483647;
			files = (
			);
			runOnlyForDeploymentPostprocessing = 0;
		};
/* End PBXResourcesBuildPhase section */

/* Begin PBXSourcesBuildPhase section */
		D1EC21251AB0CAEF003AA61B /* Sources */ = {
			isa = PBXSourcesBuildPhase;
			buildActionMask = 2147483647;
			files = (
				D1EC21311AB0CAEF003AA61B /* ViewController.swift in Sources */,
				D109CF001AB0CF5A000B19B8 /* file.swift in Sources */,
				D17886BD1AB0CB540025279F /* Support.swift in Sources */,
				D1EC212F1AB0CAEF003AA61B /* AppDelegate.swift in Sources */,
				D19C40851AB8953C0064D0E3 /* Generator.swift in Sources */,
				D17886BB1AB0CB540025279F /* Board.swift in Sources */,
				D17886BC1AB0CB540025279F /* json.swift in Sources */,
			);
			runOnlyForDeploymentPostprocessing = 0;
		};
		D1EC21371AB0CAF0003AA61B /* Sources */ = {
			isa = PBXSourcesBuildPhase;
			buildActionMask = 2147483647;
			files = (
				D1EC21421AB0CAF0003AA61B /* TTS_Minesweeper_GeneratorTests.swift in Sources */,
			);
			runOnlyForDeploymentPostprocessing = 0;
		};
/* End PBXSourcesBuildPhase section */

/* Begin PBXTargetDependency section */
		D1EC213D1AB0CAF0003AA61B /* PBXTargetDependency */ = {
			isa = PBXTargetDependency;
			target = D1EC21281AB0CAEF003AA61B /* TTS Minesweeper Generator */;
			targetProxy = D1EC213C1AB0CAF0003AA61B /* PBXContainerItemProxy */;
		};
/* End PBXTargetDependency section */

/* Begin PBXVariantGroup section */
		D1866F611AB4D432007D4B72 /* Localizable.strings */ = {
			isa = PBXVariantGroup;
			children = (
				D1866F601AB4D432007D4B72 /* pt */,
			);
			name = Localizable.strings;
			sourceTree = "<group>";
		};
		D1866F721AB4E0B7007D4B72 /* Localizable.strings */ = {
			isa = PBXVariantGroup;
			children = (
				D1866F711AB4E0B7007D4B72 /* en */,
			);
			name = Localizable.strings;
			sourceTree = "<group>";
		};
		D1EC21341AB0CAF0003AA61B /* MainSB.storyboard */ = {
			isa = PBXVariantGroup;
			children = (
				D1EC21351AB0CAF0003AA61B /* Base */,
				D1866F5C1AB4D36E007D4B72 /* pt */,
			);
			name = MainSB.storyboard;
			sourceTree = "<group>";
		};
/* End PBXVariantGroup section */

/* Begin XCBuildConfiguration section */
		D1EC21431AB0CAF0003AA61B /* Debug */ = {
			isa = XCBuildConfiguration;
			buildSettings = {
				ALWAYS_SEARCH_USER_PATHS = NO;
				APPLY_RULES_IN_COPY_FILES = YES;
				CLANG_CXX_LANGUAGE_STANDARD = "gnu++0x";
				CLANG_CXX_LIBRARY = "libc++";
				CLANG_ENABLE_MODULES = YES;
				CLANG_ENABLE_OBJC_ARC = YES;
				CLANG_WARN_BOOL_CONVERSION = YES;
				CLANG_WARN_CONSTANT_CONVERSION = YES;
				CLANG_WARN_DIRECT_OBJC_ISA_USAGE = YES_ERROR;
				CLANG_WARN_EMPTY_BODY = YES;
				CLANG_WARN_ENUM_CONVERSION = YES;
				CLANG_WARN_INT_CONVERSION = YES;
				CLANG_WARN_OBJC_ROOT_CLASS = YES_ERROR;
				CLANG_WARN_UNREACHABLE_CODE = YES;
				CLANG_WARN__DUPLICATE_METHOD_MATCH = YES;
				CODE_SIGN_IDENTITY = "-";
				COPY_PHASE_STRIP = NO;
				ENABLE_STRICT_OBJC_MSGSEND = YES;
				GCC_C_LANGUAGE_STANDARD = gnu99;
				GCC_DYNAMIC_NO_PIC = NO;
				GCC_OPTIMIZATION_LEVEL = 0;
				GCC_PREPROCESSOR_DEFINITIONS = (
					"DEBUG=1",
					"$(inherited)",
				);
				GCC_SYMBOLS_PRIVATE_EXTERN = NO;
				GCC_WARN_64_TO_32_BIT_CONVERSION = YES;
				GCC_WARN_ABOUT_RETURN_TYPE = YES_ERROR;
				GCC_WARN_UNDECLARED_SELECTOR = YES;
				GCC_WARN_UNINITIALIZED_AUTOS = YES_AGGRESSIVE;
				GCC_WARN_UNUSED_FUNCTION = YES;
				GCC_WARN_UNUSED_VARIABLE = YES;
				MACOSX_DEPLOYMENT_TARGET = 10.10;
				MTL_ENABLE_DEBUG_INFO = YES;
				ONLY_ACTIVE_ARCH = YES;
				SDKROOT = macosx;
				SWIFT_OPTIMIZATION_LEVEL = "-Onone";
			};
			name = Debug;
		};
		D1EC21441AB0CAF0003AA61B /* Release */ = {
			isa = XCBuildConfiguration;
			buildSettings = {
				ALWAYS_SEARCH_USER_PATHS = NO;
				APPLY_RULES_IN_COPY_FILES = YES;
				CLANG_CXX_LANGUAGE_STANDARD = "gnu++0x";
				CLANG_CXX_LIBRARY = "libc++";
				CLANG_ENABLE_MODULES = YES;
				CLANG_ENABLE_OBJC_ARC = YES;
				CLANG_WARN_BOOL_CONVERSION = YES;
				CLANG_WARN_CONSTANT_CONVERSION = YES;
				CLANG_WARN_DIRECT_OBJC_ISA_USAGE = YES_ERROR;
				CLANG_WARN_EMPTY_BODY = YES;
				CLANG_WARN_ENUM_CONVERSION = YES;
				CLANG_WARN_INT_CONVERSION = YES;
				CLANG_WARN_OBJC_ROOT_CLASS = YES_ERROR;
				CLANG_WARN_UNREACHABLE_CODE = YES;
				CLANG_WARN__DUPLICATE_METHOD_MATCH = YES;
				CODE_SIGN_IDENTITY = "-";
				COPY_PHASE_STRIP = YES;
				DEBUG_INFORMATION_FORMAT = "dwarf-with-dsym";
				ENABLE_NS_ASSERTIONS = NO;
				ENABLE_STRICT_OBJC_MSGSEND = YES;
				GCC_C_LANGUAGE_STANDARD = gnu99;
				GCC_WARN_64_TO_32_BIT_CONVERSION = YES;
				GCC_WARN_ABOUT_RETURN_TYPE = YES_ERROR;
				GCC_WARN_UNDECLARED_SELECTOR = YES;
				GCC_WARN_UNINITIALIZED_AUTOS = YES_AGGRESSIVE;
				GCC_WARN_UNUSED_FUNCTION = YES;
				GCC_WARN_UNUSED_VARIABLE = YES;
				MACOSX_DEPLOYMENT_TARGET = 10.10;
				MTL_ENABLE_DEBUG_INFO = NO;
				SDKROOT = macosx;
			};
			name = Release;
		};
		D1EC21461AB0CAF0003AA61B /* Debug */ = {
			isa = XCBuildConfiguration;
			buildSettings = {
				ASSETCATALOG_COMPILER_APPICON_NAME = AppIcon;
				COMBINE_HIDPI_IMAGES = YES;
				INFOPLIST_FILE = "TTS Minesweeper Generator/Info.plist";
				LD_RUNPATH_SEARCH_PATHS = "$(inherited) @executable_path/../Frameworks";
				PRODUCT_NAME = "$(TARGET_NAME)";
			};
			name = Debug;
		};
		D1EC21471AB0CAF0003AA61B /* Release */ = {
			isa = XCBuildConfiguration;
			buildSettings = {
				ASSETCATALOG_COMPILER_APPICON_NAME = AppIcon;
				COMBINE_HIDPI_IMAGES = YES;
				INFOPLIST_FILE = "TTS Minesweeper Generator/Info.plist";
				LD_RUNPATH_SEARCH_PATHS = "$(inherited) @executable_path/../Frameworks";
				PRODUCT_NAME = "$(TARGET_NAME)";
			};
			name = Release;
		};
		D1EC21491AB0CAF0003AA61B /* Debug */ = {
			isa = XCBuildConfiguration;
			buildSettings = {
				BUNDLE_LOADER = "$(TEST_HOST)";
				COMBINE_HIDPI_IMAGES = YES;
				FRAMEWORK_SEARCH_PATHS = (
					"$(DEVELOPER_FRAMEWORKS_DIR)",
					"$(inherited)",
				);
				GCC_PREPROCESSOR_DEFINITIONS = (
					"DEBUG=1",
					"$(inherited)",
				);
				INFOPLIST_FILE = "TTS Minesweeper GeneratorTests/Info.plist";
				LD_RUNPATH_SEARCH_PATHS = "$(inherited) @executable_path/../Frameworks @loader_path/../Frameworks";
				PRODUCT_NAME = "$(TARGET_NAME)";
				TEST_HOST = "$(BUILT_PRODUCTS_DIR)/TTS Minesweeper Generator.app/Contents/MacOS/TTS Minesweeper Generator";
			};
			name = Debug;
		};
		D1EC214A1AB0CAF0003AA61B /* Release */ = {
			isa = XCBuildConfiguration;
			buildSettings = {
				BUNDLE_LOADER = "$(TEST_HOST)";
				COMBINE_HIDPI_IMAGES = YES;
				FRAMEWORK_SEARCH_PATHS = (
					"$(DEVELOPER_FRAMEWORKS_DIR)",
					"$(inherited)",
				);
				INFOPLIST_FILE = "TTS Minesweeper GeneratorTests/Info.plist";
				LD_RUNPATH_SEARCH_PATHS = "$(inherited) @executable_path/../Frameworks @loader_path/../Frameworks";
				PRODUCT_NAME = "$(TARGET_NAME)";
				TEST_HOST = "$(BUILT_PRODUCTS_DIR)/TTS Minesweeper Generator.app/Contents/MacOS/TTS Minesweeper Generator";
			};
			name = Release;
		};
/* End XCBuildConfiguration section */

/* Begin XCConfigurationList section */
		D1EC21241AB0CAEF003AA61B /* Build configuration list for PBXProject "TTS Minesweeper Generator" */ = {
			isa = XCConfigurationList;
			buildConfigurations = (
				D1EC21431AB0CAF0003AA61B /* Debug */,
				D1EC21441AB0CAF0003AA61B /* Release */,
			);
			defaultConfigurationIsVisible = 0;
			defaultConfigurationName = Release;
		};
		D1EC21451AB0CAF0003AA61B /* Build configuration list for PBXNativeTarget "TTS Minesweeper Generator" */ = {
			isa = XCConfigurationList;
			buildConfigurations = (
				D1EC21461AB0CAF0003AA61B /* Debug */,
				D1EC21471AB0CAF0003AA61B /* Release */,
			);
			defaultConfigurationIsVisible = 0;
			defaultConfigurationName = Release;
		};
		D1EC21481AB0CAF0003AA61B /* Build configuration list for PBXNativeTarget "TTS Minesweeper GeneratorTests" */ = {
			isa = XCConfigurationList;
			buildConfigurations = (
				D1EC21491AB0CAF0003AA61B /* Debug */,
				D1EC214A1AB0CAF0003AA61B /* Release */,
			);
			defaultConfigurationIsVisible = 0;
			defaultConfigurationName = Release;
		};
/* End XCConfigurationList section */
	};
	rootObject = D1EC21211AB0CAEF003AA61B /* Project object */;
}
